
Microsoft Visual Studio Solution File, Format Version 12.00
# Visual Studio Version 17
VisualStudioVersion = 17.14.36401.2
MinimumVisualStudioVersion = 10.0.40219.1
Project("{FAE04EC0-301F-11D3-BF4B-00C04F79EFBC}") = "Visio Diagram Generator", "Visio Diagram Generator.csproj", "{93206992-33B9-4C68-8444-B3BF6802109C}"
EndProject
Project("{2150E333-8FDC-42A3-9474-1A3956D46DE8}") = "src", "src", "{104DF6D9-71D5-4B35-8FF6-E9F55BF74BDD}"
EndProject
Project("{FAE04EC0-301F-11D3-BF4B-00C04F79EFBC}") = "VDG.Core", "src\VDG.Core\VDG.Core.csproj", "{F7701742-6B62-4805-86AB-9111BE09B67C}"
EndProject
Project("{2150E333-8FDC-42A3-9474-1A3956D46DE8}") = "tests", "tests", "{FE480955-4952-4375-B403-F05A6825B3FB}"
EndProject
Project("{FAE04EC0-301F-11D3-BF4B-00C04F79EFBC}") = "VDG.Core.Tests", "tests\VDG.Core.Tests\VDG.Core.Tests.csproj", "{C09D43D1-0731-47C3-B9E6-55BCEEB3D656}"
EndProject
Global
	GlobalSection(SolutionConfigurationPlatforms) = preSolution
		Debug|Any CPU = Debug|Any CPU
		Release|Any CPU = Release|Any CPU
	EndGlobalSection
	GlobalSection(ProjectConfigurationPlatforms) = postSolution
		{93206992-33B9-4C68-8444-B3BF6802109C}.Debug|Any CPU.ActiveCfg = Debug|Any CPU
		{93206992-33B9-4C68-8444-B3BF6802109C}.Debug|Any CPU.Build.0 = Debug|Any CPU
		{93206992-33B9-4C68-8444-B3BF6802109C}.Release|Any CPU.ActiveCfg = Release|Any CPU
		{93206992-33B9-4C68-8444-B3BF6802109C}.Release|Any CPU.Build.0 = Release|Any CPU
		{F7701742-6B62-4805-86AB-9111BE09B67C}.Debug|Any CPU.ActiveCfg = Debug|Any CPU
		{F7701742-6B62-4805-86AB-9111BE09B67C}.Debug|Any CPU.Build.0 = Debug|Any CPU
		{F7701742-6B62-4805-86AB-9111BE09B67C}.Release|Any CPU.ActiveCfg = Release|Any CPU
		{F7701742-6B62-4805-86AB-9111BE09B67C}.Release|Any CPU.Build.0 = Release|Any CPU
		{C09D43D1-0731-47C3-B9E6-55BCEEB3D656}.Debug|Any CPU.ActiveCfg = Debug|Any CPU
		{C09D43D1-0731-47C3-B9E6-55BCEEB3D656}.Debug|Any CPU.Build.0 = Debug|Any CPU
		{C09D43D1-0731-47C3-B9E6-55BCEEB3D656}.Release|Any CPU.ActiveCfg = Release|Any CPU
		{C09D43D1-0731-47C3-B9E6-55BCEEB3D656}.Release|Any CPU.Build.0 = Release|Any CPU
	EndGlobalSection
	GlobalSection(SolutionProperties) = preSolution
		HideSolutionNode = FALSE
	EndGlobalSection
	GlobalSection(ExtensibilityGlobals) = postSolution
		SolutionGuid = {65651345-9B1B-47EF-A6B9-A692295F8F82}
	EndGlobalSection
	GlobalSection(NestedProjects) = preSolution
		{F7701742-6B62-4805-86AB-9111BE09B67C} = {104DF6D9-71D5-4B35-8FF6-E9F55BF74BDD}
		{C09D43D1-0731-47C3-B9E6-55BCEEB3D656} = {FE480955-4952-4375-B403-F05A6825B3FB}
	EndGlobalSection
EndGlobal
